
Microsoft Visual Studio Solution File, Format Version 12.00
# Visual Studio Version 17
VisualStudioVersion = 17.1.32210.238
MinimumVisualStudioVersion = 10.0.40219.1
Project("{9A19103F-16F7-4668-BE54-9A1E7A4F7556}") = "SolidPrinciples", "SolidPrinciples\SolidPrinciples.csproj", "{0A46F020-B61A-423B-A8C9-AC87D19435E9}"
EndProject
Project("{9A19103F-16F7-4668-BE54-9A1E7A4F7556}") = "ClassesDesignAndFormatting", "ClassesDesignAndFormatting\ClassesDesignAndFormatting.csproj", "{83A737E4-9D7E-431B-9400-632997D25E0C}"
EndProject
Project("{9A19103F-16F7-4668-BE54-9A1E7A4F7556}") = "ClassesMakingThemSmaller", "ClassesMakingThemSmaller\ClassesMakingThemSmaller.csproj", "{B3B6631C-80C9-4690-A839-018166395AB6}"
EndProject
Project("{9A19103F-16F7-4668-BE54-9A1E7A4F7556}") = "ClassesMakingThemSmaller_RefactoringCaseStudy_Before", "ClassesMakingThemSmaller_RefactoringCaseStudy\ClassesMakingThemSmaller_RefactoringCaseStudy_Before.csproj", "{52B75956-B1DA-4926-8522-23C286454407}"
EndProject
Project("{9A19103F-16F7-4668-BE54-9A1E7A4F7556}") = "ClassesMakingThemSmaller_RefactoringCaseStudy_After", "ClassesMakingThemSmaller_RefactoringCaseStudy_After\ClassesMakingThemSmaller_RefactoringCaseStudy_After.csproj", "{C7FA916A-9E3F-4DB0-9D3C-ECD9D404D697}"
EndProject
Project("{9A19103F-16F7-4668-BE54-9A1E7A4F7556}") = "ClassesDesignAndFormatting_RefactoringCaseStudy_Before", "ClassesDesignAndFormatting_RefactoringCaseStudy_Before\ClassesDesignAndFormatting_RefactoringCaseStudy_Before.csproj", "{15183271-C945-4874-89BE-45A8418DCD17}"
EndProject
Project("{9A19103F-16F7-4668-BE54-9A1E7A4F7556}") = "SolidPrinciples_RefactoringCaseStudy_Before", "SolidPrinciples_RefactoringCaseStudy_Before\SolidPrinciples_RefactoringCaseStudy_Before.csproj", "{BB0A732D-434F-436A-86CD-BC382E9D680E}"
EndProject
Project("{9A19103F-16F7-4668-BE54-9A1E7A4F7556}") = "SolidPrinciples_RefactoringCaseStudy_After", "SolidPrinciples_RefactoringCaseStudy_After\SolidPrinciples_RefactoringCaseStudy_After.csproj", "{E583DE78-F5FD-489C-AD00-00769AD89692}"
EndProject
Project("{9A19103F-16F7-4668-BE54-9A1E7A4F7556}") = "StaticMethods", "StaticMethods\StaticMethods.csproj", "{8C84D2CD-91B4-4D28-89AC-FA52C15C8ED5}"
EndProject
Project("{9A19103F-16F7-4668-BE54-9A1E7A4F7556}") = "ClassesDesignAndFormatting_RefactoringCaseStudy_After", "ClassesDesignAndFormatting_RefactoringCaseStudy_After\ClassesDesignAndFormatting_RefactoringCaseStudy_After.csproj", "{DC97E574-320D-4B68-94AA-59BE9AF07C85}"
EndProject
Project("{9A19103F-16F7-4668-BE54-9A1E7A4F7556}") = "CodeFormatting", "CodeFormatting\CodeFormatting.csproj", "{48588E31-F158-4938-9EC6-CC907C27625F}"
EndProject
Project("{9A19103F-16F7-4668-BE54-9A1E7A4F7556}") = "Naming", "Naming\Naming.csproj", "{FE89D43C-A53E-4618-A575-BDD98F448C11}"
EndProject
Project("{9A19103F-16F7-4668-BE54-9A1E7A4F7556}") = "Naming_RefactoringCaseStudy_Before", "Naming_RefactoringCaseStudy_Before\Naming_RefactoringCaseStudy_Before.csproj", "{63D88D6A-D452-4F29-87CC-78045BE3E785}"
EndProject
Project("{9A19103F-16F7-4668-BE54-9A1E7A4F7556}") = "Naming_RefactoringCaseStudy_After", "Naming_RefactoringCaseStudy_After\Naming_RefactoringCaseStudy_After.csproj", "{294EE0DA-D4D1-4C02-8030-99B021A16D35}"
EndProject
Project("{9A19103F-16F7-4668-BE54-9A1E7A4F7556}") = "CodeFormatting_RefactoringCaseStudy_Before", "CodeFormatting_RefactoringCaseStudy_Before\CodeFormatting_RefactoringCaseStudy_Before.csproj", "{8A976874-F606-4DBF-A034-0A4CCAAAA657}"
EndProject
Project("{9A19103F-16F7-4668-BE54-9A1E7A4F7556}") = "CodeFormatting_RefactoringCaseStudy_After", "CodeFormatting_RefactoringCaseStudy_After\CodeFormatting_RefactoringCaseStudy_After.csproj", "{3E560845-15D2-4FB0-B510-46E3C15F7089}"
EndProject
Project("{9A19103F-16F7-4668-BE54-9A1E7A4F7556}") = "CleanTestsAndTestability", "CleanTestsAndTestability\CleanTestsAndTestability.csproj", "{AD8EED4F-157E-4D50-95A8-FE63E1D5F161}"
EndProject
Project("{9A19103F-16F7-4668-BE54-9A1E7A4F7556}") = "CleanTestsAndTestability_RefactoringCaseStudy_Before", "CleanTestsAndTestability_RefactoringCaseStudy_Before\CleanTestsAndTestability_RefactoringCaseStudy_Before.csproj", "{9B55EF4C-23F9-4EF4-8885-F69A70A0CCA5}"
EndProject
Project("{9A19103F-16F7-4668-BE54-9A1E7A4F7556}") = "CleanTestsAndTestability_RefactoringCaseStudy_After", "CleanTestsAndTestability_RefactoringCaseStudy_After\CleanTestsAndTestability_RefactoringCaseStudy_After.csproj", "{91BFFE98-7C06-434D-A8D9-C0C18952D5DB}"
EndProject
Project("{FAE04EC0-301F-11D3-BF4B-00C04F79EFBC}") = "Functions", "Functions\Functions.csproj", "{89ACFB73-5894-43A4-842D-54DD59ABA843}"
EndProject
Project("{FAE04EC0-301F-11D3-BF4B-00C04F79EFBC}") = "Functions_RefactoringCaseStudy_SaveToFile_Before", "Functions_RefactoringCaseStudy_SaveToFile_Before\Functions_RefactoringCaseStudy_SaveToFile_Before.csproj", "{0BFEF1D1-FDF9-4CF4-A07D-377F0B642114}"
EndProject
Project("{FAE04EC0-301F-11D3-BF4B-00C04F79EFBC}") = "Functions_RefactoringCaseStudy_SaveToFile_After", "Functions_RefactoringCaseStudy_SaveToFile_After\Functions_RefactoringCaseStudy_SaveToFile_After.csproj", "{B0A9A55A-68BE-45FF-BE6E-196D17E78ED7}"
EndProject
Global
	GlobalSection(SolutionConfigurationPlatforms) = preSolution
		Debug|Any CPU = Debug|Any CPU
		Release|Any CPU = Release|Any CPU
	EndGlobalSection
	GlobalSection(ProjectConfigurationPlatforms) = postSolution
		{0A46F020-B61A-423B-A8C9-AC87D19435E9}.Debug|Any CPU.ActiveCfg = Debug|Any CPU
		{0A46F020-B61A-423B-A8C9-AC87D19435E9}.Debug|Any CPU.Build.0 = Debug|Any CPU
		{0A46F020-B61A-423B-A8C9-AC87D19435E9}.Release|Any CPU.ActiveCfg = Release|Any CPU
		{0A46F020-B61A-423B-A8C9-AC87D19435E9}.Release|Any CPU.Build.0 = Release|Any CPU
		{83A737E4-9D7E-431B-9400-632997D25E0C}.Debug|Any CPU.ActiveCfg = Debug|Any CPU
		{83A737E4-9D7E-431B-9400-632997D25E0C}.Debug|Any CPU.Build.0 = Debug|Any CPU
		{83A737E4-9D7E-431B-9400-632997D25E0C}.Release|Any CPU.ActiveCfg = Release|Any CPU
		{83A737E4-9D7E-431B-9400-632997D25E0C}.Release|Any CPU.Build.0 = Release|Any CPU
		{B3B6631C-80C9-4690-A839-018166395AB6}.Debug|Any CPU.ActiveCfg = Debug|Any CPU
		{B3B6631C-80C9-4690-A839-018166395AB6}.Debug|Any CPU.Build.0 = Debug|Any CPU
		{B3B6631C-80C9-4690-A839-018166395AB6}.Release|Any CPU.ActiveCfg = Release|Any CPU
		{B3B6631C-80C9-4690-A839-018166395AB6}.Release|Any CPU.Build.0 = Release|Any CPU
		{52B75956-B1DA-4926-8522-23C286454407}.Debug|Any CPU.ActiveCfg = Debug|Any CPU
		{52B75956-B1DA-4926-8522-23C286454407}.Debug|Any CPU.Build.0 = Debug|Any CPU
		{52B75956-B1DA-4926-8522-23C286454407}.Release|Any CPU.ActiveCfg = Release|Any CPU
		{52B75956-B1DA-4926-8522-23C286454407}.Release|Any CPU.Build.0 = Release|Any CPU
		{C7FA916A-9E3F-4DB0-9D3C-ECD9D404D697}.Debug|Any CPU.ActiveCfg = Debug|Any CPU
		{C7FA916A-9E3F-4DB0-9D3C-ECD9D404D697}.Debug|Any CPU.Build.0 = Debug|Any CPU
		{C7FA916A-9E3F-4DB0-9D3C-ECD9D404D697}.Release|Any CPU.ActiveCfg = Release|Any CPU
		{C7FA916A-9E3F-4DB0-9D3C-ECD9D404D697}.Release|Any CPU.Build.0 = Release|Any CPU
		{15183271-C945-4874-89BE-45A8418DCD17}.Debug|Any CPU.ActiveCfg = Debug|Any CPU
		{15183271-C945-4874-89BE-45A8418DCD17}.Debug|Any CPU.Build.0 = Debug|Any CPU
		{15183271-C945-4874-89BE-45A8418DCD17}.Release|Any CPU.ActiveCfg = Release|Any CPU
		{15183271-C945-4874-89BE-45A8418DCD17}.Release|Any CPU.Build.0 = Release|Any CPU
		{BB0A732D-434F-436A-86CD-BC382E9D680E}.Debug|Any CPU.ActiveCfg = Debug|Any CPU
		{BB0A732D-434F-436A-86CD-BC382E9D680E}.Debug|Any CPU.Build.0 = Debug|Any CPU
		{BB0A732D-434F-436A-86CD-BC382E9D680E}.Release|Any CPU.ActiveCfg = Release|Any CPU
		{BB0A732D-434F-436A-86CD-BC382E9D680E}.Release|Any CPU.Build.0 = Release|Any CPU
		{E583DE78-F5FD-489C-AD00-00769AD89692}.Debug|Any CPU.ActiveCfg = Debug|Any CPU
		{E583DE78-F5FD-489C-AD00-00769AD89692}.Debug|Any CPU.Build.0 = Debug|Any CPU
		{E583DE78-F5FD-489C-AD00-00769AD89692}.Release|Any CPU.ActiveCfg = Release|Any CPU
		{E583DE78-F5FD-489C-AD00-00769AD89692}.Release|Any CPU.Build.0 = Release|Any CPU
		{8C84D2CD-91B4-4D28-89AC-FA52C15C8ED5}.Debug|Any CPU.ActiveCfg = Debug|Any CPU
		{8C84D2CD-91B4-4D28-89AC-FA52C15C8ED5}.Debug|Any CPU.Build.0 = Debug|Any CPU
		{8C84D2CD-91B4-4D28-89AC-FA52C15C8ED5}.Release|Any CPU.ActiveCfg = Release|Any CPU
		{8C84D2CD-91B4-4D28-89AC-FA52C15C8ED5}.Release|Any CPU.Build.0 = Release|Any CPU
		{DC97E574-320D-4B68-94AA-59BE9AF07C85}.Debug|Any CPU.ActiveCfg = Debug|Any CPU
		{DC97E574-320D-4B68-94AA-59BE9AF07C85}.Debug|Any CPU.Build.0 = Debug|Any CPU
		{DC97E574-320D-4B68-94AA-59BE9AF07C85}.Release|Any CPU.ActiveCfg = Release|Any CPU
		{DC97E574-320D-4B68-94AA-59BE9AF07C85}.Release|Any CPU.Build.0 = Release|Any CPU
		{48588E31-F158-4938-9EC6-CC907C27625F}.Debug|Any CPU.ActiveCfg = Debug|Any CPU
		{48588E31-F158-4938-9EC6-CC907C27625F}.Debug|Any CPU.Build.0 = Debug|Any CPU
		{48588E31-F158-4938-9EC6-CC907C27625F}.Release|Any CPU.ActiveCfg = Release|Any CPU
		{48588E31-F158-4938-9EC6-CC907C27625F}.Release|Any CPU.Build.0 = Release|Any CPU
		{FE89D43C-A53E-4618-A575-BDD98F448C11}.Debug|Any CPU.ActiveCfg = Debug|Any CPU
		{FE89D43C-A53E-4618-A575-BDD98F448C11}.Debug|Any CPU.Build.0 = Debug|Any CPU
		{FE89D43C-A53E-4618-A575-BDD98F448C11}.Release|Any CPU.ActiveCfg = Release|Any CPU
		{FE89D43C-A53E-4618-A575-BDD98F448C11}.Release|Any CPU.Build.0 = Release|Any CPU
		{63D88D6A-D452-4F29-87CC-78045BE3E785}.Debug|Any CPU.ActiveCfg = Debug|Any CPU
		{63D88D6A-D452-4F29-87CC-78045BE3E785}.Debug|Any CPU.Build.0 = Debug|Any CPU
		{63D88D6A-D452-4F29-87CC-78045BE3E785}.Release|Any CPU.ActiveCfg = Release|Any CPU
		{63D88D6A-D452-4F29-87CC-78045BE3E785}.Release|Any CPU.Build.0 = Release|Any CPU
		{294EE0DA-D4D1-4C02-8030-99B021A16D35}.Debug|Any CPU.ActiveCfg = Debug|Any CPU
		{294EE0DA-D4D1-4C02-8030-99B021A16D35}.Debug|Any CPU.Build.0 = Debug|Any CPU
		{294EE0DA-D4D1-4C02-8030-99B021A16D35}.Release|Any CPU.ActiveCfg = Release|Any CPU
		{294EE0DA-D4D1-4C02-8030-99B021A16D35}.Release|Any CPU.Build.0 = Release|Any CPU
		{8A976874-F606-4DBF-A034-0A4CCAAAA657}.Debug|Any CPU.ActiveCfg = Debug|Any CPU
		{8A976874-F606-4DBF-A034-0A4CCAAAA657}.Debug|Any CPU.Build.0 = Debug|Any CPU
		{8A976874-F606-4DBF-A034-0A4CCAAAA657}.Release|Any CPU.ActiveCfg = Release|Any CPU
		{8A976874-F606-4DBF-A034-0A4CCAAAA657}.Release|Any CPU.Build.0 = Release|Any CPU
		{3E560845-15D2-4FB0-B510-46E3C15F7089}.Debug|Any CPU.ActiveCfg = Debug|Any CPU
		{3E560845-15D2-4FB0-B510-46E3C15F7089}.Debug|Any CPU.Build.0 = Debug|Any CPU
		{3E560845-15D2-4FB0-B510-46E3C15F7089}.Release|Any CPU.ActiveCfg = Release|Any CPU
		{3E560845-15D2-4FB0-B510-46E3C15F7089}.Release|Any CPU.Build.0 = Release|Any CPU
		{AD8EED4F-157E-4D50-95A8-FE63E1D5F161}.Debug|Any CPU.ActiveCfg = Debug|Any CPU
		{AD8EED4F-157E-4D50-95A8-FE63E1D5F161}.Debug|Any CPU.Build.0 = Debug|Any CPU
		{AD8EED4F-157E-4D50-95A8-FE63E1D5F161}.Release|Any CPU.ActiveCfg = Release|Any CPU
		{AD8EED4F-157E-4D50-95A8-FE63E1D5F161}.Release|Any CPU.Build.0 = Release|Any CPU
		{9B55EF4C-23F9-4EF4-8885-F69A70A0CCA5}.Debug|Any CPU.ActiveCfg = Debug|Any CPU
		{9B55EF4C-23F9-4EF4-8885-F69A70A0CCA5}.Debug|Any CPU.Build.0 = Debug|Any CPU
		{9B55EF4C-23F9-4EF4-8885-F69A70A0CCA5}.Release|Any CPU.ActiveCfg = Release|Any CPU
		{9B55EF4C-23F9-4EF4-8885-F69A70A0CCA5}.Release|Any CPU.Build.0 = Release|Any CPU
		{91BFFE98-7C06-434D-A8D9-C0C18952D5DB}.Debug|Any CPU.ActiveCfg = Debug|Any CPU
		{91BFFE98-7C06-434D-A8D9-C0C18952D5DB}.Debug|Any CPU.Build.0 = Debug|Any CPU
		{91BFFE98-7C06-434D-A8D9-C0C18952D5DB}.Release|Any CPU.ActiveCfg = Release|Any CPU
		{91BFFE98-7C06-434D-A8D9-C0C18952D5DB}.Release|Any CPU.Build.0 = Release|Any CPU
		{89ACFB73-5894-43A4-842D-54DD59ABA843}.Debug|Any CPU.ActiveCfg = Debug|Any CPU
		{89ACFB73-5894-43A4-842D-54DD59ABA843}.Debug|Any CPU.Build.0 = Debug|Any CPU
		{89ACFB73-5894-43A4-842D-54DD59ABA843}.Release|Any CPU.ActiveCfg = Release|Any CPU
		{89ACFB73-5894-43A4-842D-54DD59ABA843}.Release|Any CPU.Build.0 = Release|Any CPU
		{0BFEF1D1-FDF9-4CF4-A07D-377F0B642114}.Debug|Any CPU.ActiveCfg = Debug|Any CPU
		{0BFEF1D1-FDF9-4CF4-A07D-377F0B642114}.Debug|Any CPU.Build.0 = Debug|Any CPU
		{0BFEF1D1-FDF9-4CF4-A07D-377F0B642114}.Release|Any CPU.ActiveCfg = Release|Any CPU
		{0BFEF1D1-FDF9-4CF4-A07D-377F0B642114}.Release|Any CPU.Build.0 = Release|Any CPU
		{B0A9A55A-68BE-45FF-BE6E-196D17E78ED7}.Debug|Any CPU.ActiveCfg = Debug|Any CPU
		{B0A9A55A-68BE-45FF-BE6E-196D17E78ED7}.Debug|Any CPU.Build.0 = Debug|Any CPU
		{B0A9A55A-68BE-45FF-BE6E-196D17E78ED7}.Release|Any CPU.ActiveCfg = Release|Any CPU
		{B0A9A55A-68BE-45FF-BE6E-196D17E78ED7}.Release|Any CPU.Build.0 = Release|Any CPU
	EndGlobalSection
	GlobalSection(SolutionProperties) = preSolution
		HideSolutionNode = FALSE
	EndGlobalSection
	GlobalSection(ExtensibilityGlobals) = postSolution
		SolutionGuid = {95D9303E-8349-417D-9279-CA4643DA82CF}
	EndGlobalSection
EndGlobal
